# This file is autogenerated, do not edit; changes may be undone by the next 'dep ensure'.


[[projects]]
  name = "github.com/fsnotify/fsnotify"
  packages = ["."]
  revision = "c2828203cd70a50dcccfb2761f8b1f8ceef9a8e9"
  version = "v1.4.7"

[[projects]]
  branch = "master"
  name = "github.com/lieuwex/times"
  packages = ["."]
  revision = "46d7d06156294cd3c59e269b0f0216292b4ffff4"

[[projects]]
  branch = "master"
  name = "golang.org/x/sys"
  packages = ["unix"]
  revision = "9527bec2660bd847c050fda93a0f0c6dee0800bb"

[solve-meta]
  analyzer-name = "dep"
  analyzer-version = 1
  inputs-digest = "324641d5d09c39c17326d9b4d3d0d1643364e6692ddbbd9f4c7451bad203d635"
  solver-name = "gps-cdcl"
  solver-version = 1
